// !$*UTF8*$!
{
	archiveVersion = 1;
	classes = {
	};
	objectVersion = 50;
	objects = {

/* Begin PBXBuildFile section */
		68C9657B66A94A10E8F189D8 /* Pods_Smack.framework in Frameworks */ = {isa = PBXBuildFile; fileRef = 028310FFBECB8FC1973BFEE8 /* Pods_Smack.framework */; };
		FE0FE22C22FAEA8A00EDCF19 /* AppDelegate.swift in Sources */ = {isa = PBXBuildFile; fileRef = FE0FE22B22FAEA8A00EDCF19 /* AppDelegate.swift */; };
		FE0FE23122FAEA8A00EDCF19 /* Main.storyboard in Resources */ = {isa = PBXBuildFile; fileRef = FE0FE22F22FAEA8A00EDCF19 /* Main.storyboard */; };
		FE0FE23622FAEA8B00EDCF19 /* LaunchScreen.storyboard in Resources */ = {isa = PBXBuildFile; fileRef = FE0FE23422FAEA8B00EDCF19 /* LaunchScreen.storyboard */; };
		FE0FE23E22FAF13600EDCF19 /* Assets.xcassets in Resources */ = {isa = PBXBuildFile; fileRef = FE0FE23D22FAF13600EDCF19 /* Assets.xcassets */; };
		FE0FE24322FAFD6600EDCF19 /* SWRevealViewController.m in Sources */ = {isa = PBXBuildFile; fileRef = FE0FE24122FAFD6600EDCF19 /* SWRevealViewController.m */; };
		FE1713B8230C0325007647D3 /* LoginVC.swift in Sources */ = {isa = PBXBuildFile; fileRef = FE1713B7230C0325007647D3 /* LoginVC.swift */; };
		FE1713BA230C0833007647D3 /* CreateAccountVC.swift in Sources */ = {isa = PBXBuildFile; fileRef = FE1713B9230C0833007647D3 /* CreateAccountVC.swift */; };
		FE1713BD230C40C5007647D3 /* AuthService.swift in Sources */ = {isa = PBXBuildFile; fileRef = FE1713BC230C40C5007647D3 /* AuthService.swift */; };
		FE29B69A230EBB410085FA84 /* RoundedButton.swift in Sources */ = {isa = PBXBuildFile; fileRef = FE29B699230EBB410085FA84 /* RoundedButton.swift */; };
		FE69A63922FDAD3800317513 /* GradientView.swift in Sources */ = {isa = PBXBuildFile; fileRef = FE69A63822FDAD3800317513 /* GradientView.swift */; };
		FED644B323008BA3001F8292 /* Constants.swift in Sources */ = {isa = PBXBuildFile; fileRef = FED644B223008BA3001F8292 /* Constants.swift */; };
		FEE433C222FD95D70085F14A /* ChannelVC.swift in Sources */ = {isa = PBXBuildFile; fileRef = FEE433C122FD95D70085F14A /* ChannelVC.swift */; };
		FEE433C422FD95ED0085F14A /* ChatVC.swift in Sources */ = {isa = PBXBuildFile; fileRef = FEE433C322FD95ED0085F14A /* ChatVC.swift */; };
		FEF19A6F23100BE9003D547C /* UserDataService.swift in Sources */ = {isa = PBXBuildFile; fileRef = FEF19A6E23100BE9003D547C /* UserDataService.swift */; };
/* End PBXBuildFile section */

/* Begin PBXFileReference section */
		028310FFBECB8FC1973BFEE8 /* Pods_Smack.framework */ = {isa = PBXFileReference; explicitFileType = wrapper.framework; includeInIndex = 0; path = Pods_Smack.framework; sourceTree = BUILT_PRODUCTS_DIR; };
		07F139199E404BB22B670985 /* Pods-Smack.release.xcconfig */ = {isa = PBXFileReference; includeInIndex = 1; lastKnownFileType = text.xcconfig; name = "Pods-Smack.release.xcconfig"; path = "Pods/Target Support Files/Pods-Smack/Pods-Smack.release.xcconfig"; sourceTree = "<group>"; };
		953509D51D23D6A26989CA2A /* Pods-Smack.debug.xcconfig */ = {isa = PBXFileReference; includeInIndex = 1; lastKnownFileType = text.xcconfig; name = "Pods-Smack.debug.xcconfig"; path = "Pods/Target Support Files/Pods-Smack/Pods-Smack.debug.xcconfig"; sourceTree = "<group>"; };
		FE0FE22822FAEA8A00EDCF19 /* Smack.app */ = {isa = PBXFileReference; explicitFileType = wrapper.application; includeInIndex = 0; path = Smack.app; sourceTree = BUILT_PRODUCTS_DIR; };
		FE0FE22B22FAEA8A00EDCF19 /* AppDelegate.swift */ = {isa = PBXFileReference; lastKnownFileType = sourcecode.swift; path = AppDelegate.swift; sourceTree = "<group>"; };
		FE0FE23022FAEA8A00EDCF19 /* Base */ = {isa = PBXFileReference; lastKnownFileType = file.storyboard; name = Base; path = Base.lproj/Main.storyboard; sourceTree = "<group>"; };
		FE0FE23522FAEA8B00EDCF19 /* Base */ = {isa = PBXFileReference; lastKnownFileType = file.storyboard; name = Base; path = Base.lproj/LaunchScreen.storyboard; sourceTree = "<group>"; };
		FE0FE23722FAEA8B00EDCF19 /* Info.plist */ = {isa = PBXFileReference; lastKnownFileType = text.plist.xml; path = Info.plist; sourceTree = "<group>"; };
		FE0FE23D22FAF13600EDCF19 /* Assets.xcassets */ = {isa = PBXFileReference; lastKnownFileType = folder.assetcatalog; path = Assets.xcassets; sourceTree = "<group>"; };
		FE0FE24122FAFD6600EDCF19 /* SWRevealViewController.m */ = {isa = PBXFileReference; fileEncoding = 4; lastKnownFileType = sourcecode.c.objc; path = SWRevealViewController.m; sourceTree = "<group>"; };
		FE0FE24222FAFD6600EDCF19 /* SWRevealViewController.h */ = {isa = PBXFileReference; fileEncoding = 4; lastKnownFileType = sourcecode.c.h; path = SWRevealViewController.h; sourceTree = "<group>"; };
		FE1713B7230C0325007647D3 /* LoginVC.swift */ = {isa = PBXFileReference; lastKnownFileType = sourcecode.swift; path = LoginVC.swift; sourceTree = "<group>"; };
		FE1713B9230C0833007647D3 /* CreateAccountVC.swift */ = {isa = PBXFileReference; lastKnownFileType = sourcecode.swift; path = CreateAccountVC.swift; sourceTree = "<group>"; };
		FE1713BC230C40C5007647D3 /* AuthService.swift */ = {isa = PBXFileReference; lastKnownFileType = sourcecode.swift; path = AuthService.swift; sourceTree = "<group>"; };
		FE29B699230EBB410085FA84 /* RoundedButton.swift */ = {isa = PBXFileReference; lastKnownFileType = sourcecode.swift; path = RoundedButton.swift; sourceTree = "<group>"; };
		FE69A63722FDA2C000317513 /* Smack-Bridging-Header.h */ = {isa = PBXFileReference; lastKnownFileType = sourcecode.c.h; path = "Smack-Bridging-Header.h"; sourceTree = "<group>"; };
		FE69A63822FDAD3800317513 /* GradientView.swift */ = {isa = PBXFileReference; lastKnownFileType = sourcecode.swift; path = GradientView.swift; sourceTree = "<group>"; };
		FED644B223008BA3001F8292 /* Constants.swift */ = {isa = PBXFileReference; lastKnownFileType = sourcecode.swift; path = Constants.swift; sourceTree = "<group>"; };
		FEE433C122FD95D70085F14A /* ChannelVC.swift */ = {isa = PBXFileReference; lastKnownFileType = sourcecode.swift; path = ChannelVC.swift; sourceTree = "<group>"; };
		FEE433C322FD95ED0085F14A /* ChatVC.swift */ = {isa = PBXFileReference; lastKnownFileType = sourcecode.swift; path = ChatVC.swift; sourceTree = "<group>"; };
		FEF19A6E23100BE9003D547C /* UserDataService.swift */ = {isa = PBXFileReference; lastKnownFileType = sourcecode.swift; path = UserDataService.swift; sourceTree = "<group>"; };
/* End PBXFileReference section */

/* Begin PBXFrameworksBuildPhase section */
		FE0FE22522FAEA8A00EDCF19 /* Frameworks */ = {
			isa = PBXFrameworksBuildPhase;
			buildActionMask = 2147483647;
			files = (
				68C9657B66A94A10E8F189D8 /* Pods_Smack.framework in Frameworks */,
			);
			runOnlyForDeploymentPostprocessing = 0;
		};
/* End PBXFrameworksBuildPhase section */

/* Begin PBXGroup section */
		2637855162134B4E0EFB738A /* Pods */ = {
			isa = PBXGroup;
			children = (
				953509D51D23D6A26989CA2A /* Pods-Smack.debug.xcconfig */,
				07F139199E404BB22B670985 /* Pods-Smack.release.xcconfig */,
			);
			name = Pods;
			sourceTree = "<group>";
		};
		6620D02F3DAFC4D5CAC54EEA /* Frameworks */ = {
			isa = PBXGroup;
			children = (
				028310FFBECB8FC1973BFEE8 /* Pods_Smack.framework */,
			);
			name = Frameworks;
			sourceTree = "<group>";
		};
		FE0FE21F22FAEA8A00EDCF19 = {
			isa = PBXGroup;
			children = (
				FE0FE22A22FAEA8A00EDCF19 /* Smack */,
				FE0FE22922FAEA8A00EDCF19 /* Products */,
				2637855162134B4E0EFB738A /* Pods */,
				6620D02F3DAFC4D5CAC54EEA /* Frameworks */,
			);
			sourceTree = "<group>";
		};
		FE0FE22922FAEA8A00EDCF19 /* Products */ = {
			isa = PBXGroup;
			children = (
				FE0FE22822FAEA8A00EDCF19 /* Smack.app */,
			);
			name = Products;
			sourceTree = "<group>";
		};
		FE0FE22A22FAEA8A00EDCF19 /* Smack */ = {
			isa = PBXGroup;
			children = (
				FE1713BB230C40AE007647D3 /* Services */,
				FED644B123008B79001F8292 /* Utilities */,
				FEE433BF22FD95810085F14A /* Model */,
				FEE433C022FD95880085F14A /* View */,
				FEE433BE22FD95770085F14A /* Controller */,
				FE0FE23F22FAFCFA00EDCF19 /* Supporting Files */,
				FE0FE22B22FAEA8A00EDCF19 /* AppDelegate.swift */,
				FE0FE22F22FAEA8A00EDCF19 /* Main.storyboard */,
				FE0FE23422FAEA8B00EDCF19 /* LaunchScreen.storyboard */,
				FE0FE23D22FAF13600EDCF19 /* Assets.xcassets */,
				FE0FE23722FAEA8B00EDCF19 /* Info.plist */,
			);
			path = Smack;
			sourceTree = "<group>";
		};
		FE0FE23F22FAFCFA00EDCF19 /* Supporting Files */ = {
			isa = PBXGroup;
			children = (
				FE0FE24222FAFD6600EDCF19 /* SWRevealViewController.h */,
				FE0FE24122FAFD6600EDCF19 /* SWRevealViewController.m */,
				FE69A63722FDA2C000317513 /* Smack-Bridging-Header.h */,
			);
			path = "Supporting Files";
			sourceTree = "<group>";
		};
		FE1713BB230C40AE007647D3 /* Services */ = {
			isa = PBXGroup;
			children = (
				FE1713BC230C40C5007647D3 /* AuthService.swift */,
				FEF19A6E23100BE9003D547C /* UserDataService.swift */,
			);
			path = Services;
			sourceTree = "<group>";
		};
		FED644B123008B79001F8292 /* Utilities */ = {
			isa = PBXGroup;
			children = (
				FED644B223008BA3001F8292 /* Constants.swift */,
			);
			path = Utilities;
			sourceTree = "<group>";
		};
		FEE433BE22FD95770085F14A /* Controller */ = {
			isa = PBXGroup;
			children = (
				FEE433C122FD95D70085F14A /* ChannelVC.swift */,
				FEE433C322FD95ED0085F14A /* ChatVC.swift */,
				FE1713B7230C0325007647D3 /* LoginVC.swift */,
				FE1713B9230C0833007647D3 /* CreateAccountVC.swift */,
			);
			path = Controller;
			sourceTree = "<group>";
		};
		FEE433BF22FD95810085F14A /* Model */ = {
			isa = PBXGroup;
			children = (
			);
			path = Model;
			sourceTree = "<group>";
		};
		FEE433C022FD95880085F14A /* View */ = {
			isa = PBXGroup;
			children = (
				FE69A63822FDAD3800317513 /* GradientView.swift */,
				FE29B699230EBB410085FA84 /* RoundedButton.swift */,
			);
			path = View;
			sourceTree = "<group>";
		};
/* End PBXGroup section */

/* Begin PBXNativeTarget section */
		FE0FE22722FAEA8A00EDCF19 /* Smack */ = {
			isa = PBXNativeTarget;
			buildConfigurationList = FE0FE23A22FAEA8B00EDCF19 /* Build configuration list for PBXNativeTarget "Smack" */;
			buildPhases = (
				6CE35CEAC944D32B9A9608A5 /* [CP] Check Pods Manifest.lock */,
				FE0FE22422FAEA8A00EDCF19 /* Sources */,
				FE0FE22522FAEA8A00EDCF19 /* Frameworks */,
				FE0FE22622FAEA8A00EDCF19 /* Resources */,
				3A0AE5371F738D32FEF23892 /* [CP] Embed Pods Frameworks */,
			);
			buildRules = (
			);
			dependencies = (
			);
			name = Smack;
			productName = Smack;
			productReference = FE0FE22822FAEA8A00EDCF19 /* Smack.app */;
			productType = "com.apple.product-type.application";
		};
/* End PBXNativeTarget section */

/* Begin PBXProject section */
		FE0FE22022FAEA8A00EDCF19 /* Project object */ = {
			isa = PBXProject;
			attributes = {
				LastSwiftUpdateCheck = 1030;
				LastUpgradeCheck = 1030;
				ORGANIZATIONNAME = "Miroslav Hnát";
				TargetAttributes = {
					FE0FE22722FAEA8A00EDCF19 = {
						CreatedOnToolsVersion = 10.3;
						LastSwiftMigration = 1030;
					};
				};
			};
			buildConfigurationList = FE0FE22322FAEA8A00EDCF19 /* Build configuration list for PBXProject "Smack" */;
			compatibilityVersion = "Xcode 9.3";
			developmentRegion = en;
			hasScannedForEncodings = 0;
			knownRegions = (
				en,
				Base,
			);
			mainGroup = FE0FE21F22FAEA8A00EDCF19;
			productRefGroup = FE0FE22922FAEA8A00EDCF19 /* Products */;
			projectDirPath = "";
			projectRoot = "";
			targets = (
				FE0FE22722FAEA8A00EDCF19 /* Smack */,
			);
		};
/* End PBXProject section */

/* Begin PBXResourcesBuildPhase section */
		FE0FE22622FAEA8A00EDCF19 /* Resources */ = {
			isa = PBXResourcesBuildPhase;
			buildActionMask = 2147483647;
			files = (
				FE0FE23622FAEA8B00EDCF19 /* LaunchScreen.storyboard in Resources */,
				FE0FE23E22FAF13600EDCF19 /* Assets.xcassets in Resources */,
				FE0FE23122FAEA8A00EDCF19 /* Main.storyboard in Resources */,
			);
			runOnlyForDeploymentPostprocessing = 0;
		};
/* End PBXResourcesBuildPhase section */

/* Begin PBXShellScriptBuildPhase section */
		3A0AE5371F738D32FEF23892 /* [CP] Embed Pods Frameworks */ = {
			isa = PBXShellScriptBuildPhase;
			buildActionMask = 2147483647;
			files = (
			);
			inputPaths = (
				"${SRCROOT}/Pods/Target Support Files/Pods-Smack/Pods-Smack-frameworks.sh",
				"${BUILT_PRODUCTS_DIR}/Alamofire/Alamofire.framework",
				"${BUILT_PRODUCTS_DIR}/Socket.IO-Client-Swift/SocketIO.framework",
				"${BUILT_PRODUCTS_DIR}/Starscream/Starscream.framework",
				"${BUILT_PRODUCTS_DIR}/SwiftyJSON/SwiftyJSON.framework",
			);
			name = "[CP] Embed Pods Frameworks";
			outputPaths = (
				"${TARGET_BUILD_DIR}/${FRAMEWORKS_FOLDER_PATH}/Alamofire.framework",
				"${TARGET_BUILD_DIR}/${FRAMEWORKS_FOLDER_PATH}/SocketIO.framework",
				"${TARGET_BUILD_DIR}/${FRAMEWORKS_FOLDER_PATH}/Starscream.framework",
				"${TARGET_BUILD_DIR}/${FRAMEWORKS_FOLDER_PATH}/SwiftyJSON.framework",
			);
			runOnlyForDeploymentPostprocessing = 0;
			shellPath = /bin/sh;
			shellScript = "\"${SRCROOT}/Pods/Target Support Files/Pods-Smack/Pods-Smack-frameworks.sh\"\n";
			showEnvVarsInLog = 0;
		};
		6CE35CEAC944D32B9A9608A5 /* [CP] Check Pods Manifest.lock */ = {
			isa = PBXShellScriptBuildPhase;
			buildActionMask = 2147483647;
			files = (
			);
			inputPaths = (
				"${PODS_PODFILE_DIR_PATH}/Podfile.lock",
				"${PODS_ROOT}/Manifest.lock",
			);
			name = "[CP] Check Pods Manifest.lock";
			outputPaths = (
				"$(DERIVED_FILE_DIR)/Pods-Smack-checkManifestLockResult.txt",
			);
			runOnlyForDeploymentPostprocessing = 0;
			shellPath = /bin/sh;
			shellScript = "diff \"${PODS_PODFILE_DIR_PATH}/Podfile.lock\" \"${PODS_ROOT}/Manifest.lock\" > /dev/null\nif [ $? != 0 ] ; then\n    # print error to STDERR\n    echo \"error: The sandbox is not in sync with the Podfile.lock. Run 'pod install' or update your CocoaPods installation.\" >&2\n    exit 1\nfi\n# This output is used by Xcode 'outputs' to avoid re-running this script phase.\necho \"SUCCESS\" > \"${SCRIPT_OUTPUT_FILE_0}\"\n";
			showEnvVarsInLog = 0;
		};
/* End PBXShellScriptBuildPhase section */

/* Begin PBXSourcesBuildPhase section */
		FE0FE22422FAEA8A00EDCF19 /* Sources */ = {
			isa = PBXSourcesBuildPhase;
			buildActionMask = 2147483647;
			files = (
				FEE433C422FD95ED0085F14A /* ChatVC.swift in Sources */,
				FE29B69A230EBB410085FA84 /* RoundedButton.swift in Sources */,
				FE0FE22C22FAEA8A00EDCF19 /* AppDelegate.swift in Sources */,
				FEF19A6F23100BE9003D547C /* UserDataService.swift in Sources */,
				FE1713BA230C0833007647D3 /* CreateAccountVC.swift in Sources */,
				FE1713BD230C40C5007647D3 /* AuthService.swift in Sources */,
				FE1713B8230C0325007647D3 /* LoginVC.swift in Sources */,
				FE69A63922FDAD3800317513 /* GradientView.swift in Sources */,
				FEE433C222FD95D70085F14A /* ChannelVC.swift in Sources */,
				FE0FE24322FAFD6600EDCF19 /* SWRevealViewController.m in Sources */,
				FED644B323008BA3001F8292 /* Constants.swift in Sources */,
			);
			runOnlyForDeploymentPostprocessing = 0;
		};
/* End PBXSourcesBuildPhase section */

/* Begin PBXVariantGroup section */
		FE0FE22F22FAEA8A00EDCF19 /* Main.storyboard */ = {
			isa = PBXVariantGroup;
			children = (
				FE0FE23022FAEA8A00EDCF19 /* Base */,
			);
			name = Main.storyboard;
			sourceTree = "<group>";
		};
		FE0FE23422FAEA8B00EDCF19 /* LaunchScreen.storyboard */ = {
			isa = PBXVariantGroup;
			children = (
				FE0FE23522FAEA8B00EDCF19 /* Base */,
			);
			name = LaunchScreen.storyboard;
			sourceTree = "<group>";
		};
/* End PBXVariantGroup section */

/* Begin XCBuildConfiguration section */
		FE0FE23822FAEA8B00EDCF19 /* Debug */ = {
			isa = XCBuildConfiguration;
			buildSettings = {
				ALWAYS_SEARCH_USER_PATHS = NO;
				CLANG_ANALYZER_NONNULL = YES;
				CLANG_ANALYZER_NUMBER_OBJECT_CONVERSION = YES_AGGRESSIVE;
				CLANG_CXX_LANGUAGE_STANDARD = "gnu++14";
				CLANG_CXX_LIBRARY = "libc++";
				CLANG_ENABLE_MODULES = YES;
				CLANG_ENABLE_OBJC_ARC = YES;
				CLANG_ENABLE_OBJC_WEAK = YES;
				CLANG_WARN_BLOCK_CAPTURE_AUTORELEASING = YES;
				CLANG_WARN_BOOL_CONVERSION = YES;
				CLANG_WARN_COMMA = YES;
				CLANG_WARN_CONSTANT_CONVERSION = YES;
				CLANG_WARN_DEPRECATED_OBJC_IMPLEMENTATIONS = YES;
				CLANG_WARN_DIRECT_OBJC_ISA_USAGE = YES_ERROR;
				CLANG_WARN_DOCUMENTATION_COMMENTS = YES;
				CLANG_WARN_EMPTY_BODY = YES;
				CLANG_WARN_ENUM_CONVERSION = YES;
				CLANG_WARN_INFINITE_RECURSION = YES;
				CLANG_WARN_INT_CONVERSION = YES;
				CLANG_WARN_NON_LITERAL_NULL_CONVERSION = YES;
				CLANG_WARN_OBJC_IMPLICIT_RETAIN_SELF = YES;
				CLANG_WARN_OBJC_LITERAL_CONVERSION = YES;
				CLANG_WARN_OBJC_ROOT_CLASS = YES_ERROR;
				CLANG_WARN_RANGE_LOOP_ANALYSIS = YES;
				CLANG_WARN_STRICT_PROTOTYPES = YES;
				CLANG_WARN_SUSPICIOUS_MOVE = YES;
				CLANG_WARN_UNGUARDED_AVAILABILITY = YES_AGGRESSIVE;
				CLANG_WARN_UNREACHABLE_CODE = YES;
				CLANG_WARN__DUPLICATE_METHOD_MATCH = YES;
				CODE_SIGN_IDENTITY = "iPhone Developer";
				COPY_PHASE_STRIP = NO;
				DEBUG_INFORMATION_FORMAT = dwarf;
				ENABLE_STRICT_OBJC_MSGSEND = YES;
				ENABLE_TESTABILITY = YES;
				GCC_C_LANGUAGE_STANDARD = gnu11;
				GCC_DYNAMIC_NO_PIC = NO;
				GCC_NO_COMMON_BLOCKS = YES;
				GCC_OPTIMIZATION_LEVEL = 0;
				GCC_PREPROCESSOR_DEFINITIONS = (
					"DEBUG=1",
					"$(inherited)",
				);
				GCC_WARN_64_TO_32_BIT_CONVERSION = YES;
				GCC_WARN_ABOUT_RETURN_TYPE = YES_ERROR;
				GCC_WARN_UNDECLARED_SELECTOR = YES;
				GCC_WARN_UNINITIALIZED_AUTOS = YES_AGGRESSIVE;
				GCC_WARN_UNUSED_FUNCTION = YES;
				GCC_WARN_UNUSED_VARIABLE = YES;
				IPHONEOS_DEPLOYMENT_TARGET = 12.4;
				MTL_ENABLE_DEBUG_INFO = INCLUDE_SOURCE;
				MTL_FAST_MATH = YES;
				ONLY_ACTIVE_ARCH = YES;
				SDKROOT = iphoneos;
				SWIFT_ACTIVE_COMPILATION_CONDITIONS = DEBUG;
				SWIFT_OPTIMIZATION_LEVEL = "-Onone";
			};
			name = Debug;
		};
		FE0FE23922FAEA8B00EDCF19 /* Release */ = {
			isa = XCBuildConfiguration;
			buildSettings = {
				ALWAYS_SEARCH_USER_PATHS = NO;
				CLANG_ANALYZER_NONNULL = YES;
				CLANG_ANALYZER_NUMBER_OBJECT_CONVERSION = YES_AGGRESSIVE;
				CLANG_CXX_LANGUAGE_STANDARD = "gnu++14";
				CLANG_CXX_LIBRARY = "libc++";
				CLANG_ENABLE_MODULES = YES;
				CLANG_ENABLE_OBJC_ARC = YES;
				CLANG_ENABLE_OBJC_WEAK = YES;
				CLANG_WARN_BLOCK_CAPTURE_AUTORELEASING = YES;
				CLANG_WARN_BOOL_CONVERSION = YES;
				CLANG_WARN_COMMA = YES;
				CLANG_WARN_CONSTANT_CONVERSION = YES;
				CLANG_WARN_DEPRECATED_OBJC_IMPLEMENTATIONS = YES;
				CLANG_WARN_DIRECT_OBJC_ISA_USAGE = YES_ERROR;
				CLANG_WARN_DOCUMENTATION_COMMENTS = YES;
				CLANG_WARN_EMPTY_BODY = YES;
				CLANG_WARN_ENUM_CONVERSION = YES;
				CLANG_WARN_INFINITE_RECURSION = YES;
				CLANG_WARN_INT_CONVERSION = YES;
				CLANG_WARN_NON_LITERAL_NULL_CONVERSION = YES;
				CLANG_WARN_OBJC_IMPLICIT_RETAIN_SELF = YES;
				CLANG_WARN_OBJC_LITERAL_CONVERSION = YES;
				CLANG_WARN_OBJC_ROOT_CLASS = YES_ERROR;
				CLANG_WARN_RANGE_LOOP_ANALYSIS = YES;
				CLANG_WARN_STRICT_PROTOTYPES = YES;
				CLANG_WARN_SUSPICIOUS_MOVE = YES;
				CLANG_WARN_UNGUARDED_AVAILABILITY = YES_AGGRESSIVE;
				CLANG_WARN_UNREACHABLE_CODE = YES;
				CLANG_WARN__DUPLICATE_METHOD_MATCH = YES;
				CODE_SIGN_IDENTITY = "iPhone Developer";
				COPY_PHASE_STRIP = NO;
				DEBUG_INFORMATION_FORMAT = "dwarf-with-dsym";
				ENABLE_NS_ASSERTIONS = NO;
				ENABLE_STRICT_OBJC_MSGSEND = YES;
				GCC_C_LANGUAGE_STANDARD = gnu11;
				GCC_NO_COMMON_BLOCKS = YES;
				GCC_WARN_64_TO_32_BIT_CONVERSION = YES;
				GCC_WARN_ABOUT_RETURN_TYPE = YES_ERROR;
				GCC_WARN_UNDECLARED_SELECTOR = YES;
				GCC_WARN_UNINITIALIZED_AUTOS = YES_AGGRESSIVE;
				GCC_WARN_UNUSED_FUNCTION = YES;
				GCC_WARN_UNUSED_VARIABLE = YES;
				IPHONEOS_DEPLOYMENT_TARGET = 12.4;
				MTL_ENABLE_DEBUG_INFO = NO;
				MTL_FAST_MATH = YES;
				SDKROOT = iphoneos;
				SWIFT_COMPILATION_MODE = wholemodule;
				SWIFT_OPTIMIZATION_LEVEL = "-O";
				VALIDATE_PRODUCT = YES;
			};
			name = Release;
		};
		FE0FE23B22FAEA8B00EDCF19 /* Debug */ = {
			isa = XCBuildConfiguration;
			baseConfigurationReference = 953509D51D23D6A26989CA2A /* Pods-Smack.debug.xcconfig */;
			buildSettings = {
				ASSETCATALOG_COMPILER_APPICON_NAME = AppIcon;
				CLANG_ENABLE_MODULES = YES;
				CODE_SIGN_STYLE = Automatic;
				DEVELOPMENT_TEAM = 4DM8L8KQP9;
				INFOPLIST_FILE = Smack/Info.plist;
				LD_RUNPATH_SEARCH_PATHS = (
					"$(inherited)",
					"@executable_path/Frameworks",
				);
				PRODUCT_BUNDLE_IDENTIFIER = hnatmira.Smack;
				PRODUCT_NAME = "$(TARGET_NAME)";
				SWIFT_OBJC_BRIDGING_HEADER = "Smack/Supporting Files/Smack-Bridging-Header.h";
				SWIFT_OPTIMIZATION_LEVEL = "-Onone";
				SWIFT_VERSION = 5.0;
				TARGETED_DEVICE_FAMILY = "1,2";
			};
			name = Debug;
		};
		FE0FE23C22FAEA8B00EDCF19 /* Release */ = {
			isa = XCBuildConfiguration;
			baseConfigurationReference = 07F139199E404BB22B670985 /* Pods-Smack.release.xcconfig */;
			buildSettings = {
				ASSETCATALOG_COMPILER_APPICON_NAME = AppIcon;
				CLANG_ENABLE_MODULES = YES;
				CODE_SIGN_STYLE = Automatic;
				DEVELOPMENT_TEAM = 4DM8L8KQP9;
				INFOPLIST_FILE = Smack/Info.plist;
				LD_RUNPATH_SEARCH_PATHS = (
					"$(inherited)",
					"@executable_path/Frameworks",
				);
				PRODUCT_BUNDLE_IDENTIFIER = hnatmira.Smack;
				PRODUCT_NAME = "$(TARGET_NAME)";
				SWIFT_OBJC_BRIDGING_HEADER = "Smack/Supporting Files/Smack-Bridging-Header.h";
				SWIFT_VERSION = 5.0;
				TARGETED_DEVICE_FAMILY = "1,2";
			};
			name = Release;
		};
/* End XCBuildConfiguration section */

/* Begin XCConfigurationList section */
		FE0FE22322FAEA8A00EDCF19 /* Build configuration list for PBXProject "Smack" */ = {
			isa = XCConfigurationList;
			buildConfigurations = (
				FE0FE23822FAEA8B00EDCF19 /* Debug */,
				FE0FE23922FAEA8B00EDCF19 /* Release */,
			);
			defaultConfigurationIsVisible = 0;
			defaultConfigurationName = Release;
		};
		FE0FE23A22FAEA8B00EDCF19 /* Build configuration list for PBXNativeTarget "Smack" */ = {
			isa = XCConfigurationList;
			buildConfigurations = (
				FE0FE23B22FAEA8B00EDCF19 /* Debug */,
				FE0FE23C22FAEA8B00EDCF19 /* Release */,
			);
			defaultConfigurationIsVisible = 0;
			defaultConfigurationName = Release;
		};
/* End XCConfigurationList section */
	};
	rootObject = FE0FE22022FAEA8A00EDCF19 /* Project object */;
}
